
Microsoft Visual Studio Solution File, Format Version 12.00
# Visual Studio Version 16
Project("{8BC9CEB8-8B4A-11D0-8D11-00A0C91BC942}") = "Catalyst", "src\Catalyst\Catalyst.vcxproj", "{CA026E91-B6CF-C89C-DFE8-B644CB14FE2A}"
EndProject
Project("{8BC9CEB8-8B4A-11D0-8D11-00A0C91BC942}") = "Reactor", "src\Reactor\Reactor.vcxproj", "{55A9939E-C188-123A-CAA0-9D1036FF789B}"
EndProject
Global
	GlobalSection(SolutionConfigurationPlatforms) = preSolution
		Debug|x64 = Debug|x64
		Distro|x64 = Distro|x64
		Release|x64 = Release|x64
	EndGlobalSection
	GlobalSection(ProjectConfigurationPlatforms) = postSolution
		{CA026E91-B6CF-C89C-DFE8-B644CB14FE2A}.Debug|x64.ActiveCfg = Debug|x64
		{CA026E91-B6CF-C89C-DFE8-B644CB14FE2A}.Debug|x64.Build.0 = Debug|x64
		{CA026E91-B6CF-C89C-DFE8-B644CB14FE2A}.Distro|x64.ActiveCfg = Distro|x64
		{CA026E91-B6CF-C89C-DFE8-B644CB14FE2A}.Distro|x64.Build.0 = Distro|x64
		{CA026E91-B6CF-C89C-DFE8-B644CB14FE2A}.Release|x64.ActiveCfg = Release|x64
		{CA026E91-B6CF-C89C-DFE8-B644CB14FE2A}.Release|x64.Build.0 = Release|x64
		{55A9939E-C188-123A-CAA0-9D1036FF789B}.Debug|x64.ActiveCfg = Debug|x64
		{55A9939E-C188-123A-CAA0-9D1036FF789B}.Debug|x64.Build.0 = Debug|x64
		{55A9939E-C188-123A-CAA0-9D1036FF789B}.Distro|x64.ActiveCfg = Distro|x64
		{55A9939E-C188-123A-CAA0-9D1036FF789B}.Distro|x64.Build.0 = Distro|x64
		{55A9939E-C188-123A-CAA0-9D1036FF789B}.Release|x64.ActiveCfg = Release|x64
		{55A9939E-C188-123A-CAA0-9D1036FF789B}.Release|x64.Build.0 = Release|x64
	EndGlobalSection
	GlobalSection(SolutionProperties) = preSolution
		HideSolutionNode = FALSE
	EndGlobalSection
EndGlobal
