
Microsoft Visual Studio Solution File, Format Version 12.00
# Visual Studio Version 17
Project("{8BC9CEB8-8B4A-11D0-8D11-00A0C91BC942}") = "Reactor", "src\Reactor\Reactor.vcxproj", "{55A9939E-C188-123A-CAA0-9D1036FF789B}"
EndProject
Project("{8BC9CEB8-8B4A-11D0-8D11-00A0C91BC942}") = "Catalyst", "src\Catalyst\Catalyst.vcxproj", "{CA026E91-B6CF-C89C-DFE8-B644CB14FE2A}"
EndProject
Project("{2150E333-8FDC-42A3-9474-1A3956D46DE8}") = "Dependencies", "Dependencies", "{53E47842-3FC8-3998-A828-34EB942B241A}"
EndProject
Project("{8BC9CEB8-8B4A-11D0-8D11-00A0C91BC942}") = "GLAD", "external\GLAD\GLAD.vcxproj", "{5D4A857C-4981-860D-F26D-6C10DE83020F}"
EndProject
Project("{8BC9CEB8-8B4A-11D0-8D11-00A0C91BC942}") = "GLFW", "external\GLFW\GLFW.vcxproj", "{154B857C-0182-860D-AA6E-6C109684020F}"
EndProject
Project("{8BC9CEB8-8B4A-11D0-8D11-00A0C91BC942}") = "zlib", "external\zlib\zlib.vcxproj", "{16CFA17C-0206-A30D-ABF2-881097081F0F}"
EndProject
Project("{2150E333-8FDC-42A3-9474-1A3956D46DE8}") = "Renderers", "Renderers", "{B612E243-229E-4F08-2BAF-D2FC97B9AB08}"
EndProject
Project("{8BC9CEB8-8B4A-11D0-8D11-00A0C91BC942}") = "DX11Renderer", "src\renderer\DX11\DX11Renderer.vcxproj", "{9ACDAF56-8630-3FFB-2FB6-77B11BF80A7E}"
EndProject
Project("{8BC9CEB8-8B4A-11D0-8D11-00A0C91BC942}") = "OpenGLRenderer", "src\renderer\OGL\OpenGLRenderer.vcxproj", "{01F53774-EDC2-2B7A-D656-9CA0C2C307DF}"
EndProject
Project("{8BC9CEB8-8B4A-11D0-8D11-00A0C91BC942}") = "VulkanRenderer", "src\renderer\Vulkan\VulkanRenderer.vcxproj", "{4DE5FF47-39B3-F34D-2247-64740EB4CFB2}"
EndProject
Global
	GlobalSection(SolutionConfigurationPlatforms) = preSolution
		Debug|x64 = Debug|x64
		Distro|x64 = Distro|x64
		Release|x64 = Release|x64
	EndGlobalSection
	GlobalSection(ProjectConfigurationPlatforms) = postSolution
		{55A9939E-C188-123A-CAA0-9D1036FF789B}.Debug|x64.ActiveCfg = Debug|x64
		{55A9939E-C188-123A-CAA0-9D1036FF789B}.Debug|x64.Build.0 = Debug|x64
		{55A9939E-C188-123A-CAA0-9D1036FF789B}.Distro|x64.ActiveCfg = Distro|x64
		{55A9939E-C188-123A-CAA0-9D1036FF789B}.Distro|x64.Build.0 = Distro|x64
		{55A9939E-C188-123A-CAA0-9D1036FF789B}.Release|x64.ActiveCfg = Release|x64
		{55A9939E-C188-123A-CAA0-9D1036FF789B}.Release|x64.Build.0 = Release|x64
		{CA026E91-B6CF-C89C-DFE8-B644CB14FE2A}.Debug|x64.ActiveCfg = Debug|x64
		{CA026E91-B6CF-C89C-DFE8-B644CB14FE2A}.Debug|x64.Build.0 = Debug|x64
		{CA026E91-B6CF-C89C-DFE8-B644CB14FE2A}.Distro|x64.ActiveCfg = Distro|x64
		{CA026E91-B6CF-C89C-DFE8-B644CB14FE2A}.Distro|x64.Build.0 = Distro|x64
		{CA026E91-B6CF-C89C-DFE8-B644CB14FE2A}.Release|x64.ActiveCfg = Release|x64
		{CA026E91-B6CF-C89C-DFE8-B644CB14FE2A}.Release|x64.Build.0 = Release|x64
		{5D4A857C-4981-860D-F26D-6C10DE83020F}.Debug|x64.ActiveCfg = Debug|x64
		{5D4A857C-4981-860D-F26D-6C10DE83020F}.Debug|x64.Build.0 = Debug|x64
		{5D4A857C-4981-860D-F26D-6C10DE83020F}.Distro|x64.ActiveCfg = Distro|x64
		{5D4A857C-4981-860D-F26D-6C10DE83020F}.Distro|x64.Build.0 = Distro|x64
		{5D4A857C-4981-860D-F26D-6C10DE83020F}.Release|x64.ActiveCfg = Release|x64
		{5D4A857C-4981-860D-F26D-6C10DE83020F}.Release|x64.Build.0 = Release|x64
		{154B857C-0182-860D-AA6E-6C109684020F}.Debug|x64.ActiveCfg = Debug|x64
		{154B857C-0182-860D-AA6E-6C109684020F}.Debug|x64.Build.0 = Debug|x64
		{154B857C-0182-860D-AA6E-6C109684020F}.Distro|x64.ActiveCfg = Distro|x64
		{154B857C-0182-860D-AA6E-6C109684020F}.Distro|x64.Build.0 = Distro|x64
		{154B857C-0182-860D-AA6E-6C109684020F}.Release|x64.ActiveCfg = Release|x64
		{154B857C-0182-860D-AA6E-6C109684020F}.Release|x64.Build.0 = Release|x64
		{16CFA17C-0206-A30D-ABF2-881097081F0F}.Debug|x64.ActiveCfg = Debug|x64
		{16CFA17C-0206-A30D-ABF2-881097081F0F}.Debug|x64.Build.0 = Debug|x64
		{16CFA17C-0206-A30D-ABF2-881097081F0F}.Distro|x64.ActiveCfg = Distro|x64
		{16CFA17C-0206-A30D-ABF2-881097081F0F}.Distro|x64.Build.0 = Distro|x64
		{16CFA17C-0206-A30D-ABF2-881097081F0F}.Release|x64.ActiveCfg = Release|x64
		{16CFA17C-0206-A30D-ABF2-881097081F0F}.Release|x64.Build.0 = Release|x64
		{9ACDAF56-8630-3FFB-2FB6-77B11BF80A7E}.Debug|x64.ActiveCfg = Debug|x64
		{9ACDAF56-8630-3FFB-2FB6-77B11BF80A7E}.Debug|x64.Build.0 = Debug|x64
		{9ACDAF56-8630-3FFB-2FB6-77B11BF80A7E}.Distro|x64.ActiveCfg = Distro|x64
		{9ACDAF56-8630-3FFB-2FB6-77B11BF80A7E}.Distro|x64.Build.0 = Distro|x64
		{9ACDAF56-8630-3FFB-2FB6-77B11BF80A7E}.Release|x64.ActiveCfg = Release|x64
		{9ACDAF56-8630-3FFB-2FB6-77B11BF80A7E}.Release|x64.Build.0 = Release|x64
		{01F53774-EDC2-2B7A-D656-9CA0C2C307DF}.Debug|x64.ActiveCfg = Debug|x64
		{01F53774-EDC2-2B7A-D656-9CA0C2C307DF}.Debug|x64.Build.0 = Debug|x64
		{01F53774-EDC2-2B7A-D656-9CA0C2C307DF}.Distro|x64.ActiveCfg = Distro|x64
		{01F53774-EDC2-2B7A-D656-9CA0C2C307DF}.Distro|x64.Build.0 = Distro|x64
		{01F53774-EDC2-2B7A-D656-9CA0C2C307DF}.Release|x64.ActiveCfg = Release|x64
		{01F53774-EDC2-2B7A-D656-9CA0C2C307DF}.Release|x64.Build.0 = Release|x64
		{4DE5FF47-39B3-F34D-2247-64740EB4CFB2}.Debug|x64.ActiveCfg = Debug|x64
		{4DE5FF47-39B3-F34D-2247-64740EB4CFB2}.Debug|x64.Build.0 = Debug|x64
		{4DE5FF47-39B3-F34D-2247-64740EB4CFB2}.Distro|x64.ActiveCfg = Distro|x64
		{4DE5FF47-39B3-F34D-2247-64740EB4CFB2}.Distro|x64.Build.0 = Distro|x64
		{4DE5FF47-39B3-F34D-2247-64740EB4CFB2}.Release|x64.ActiveCfg = Release|x64
		{4DE5FF47-39B3-F34D-2247-64740EB4CFB2}.Release|x64.Build.0 = Release|x64
	EndGlobalSection
	GlobalSection(SolutionProperties) = preSolution
		HideSolutionNode = FALSE
	EndGlobalSection
	GlobalSection(NestedProjects) = preSolution
		{5D4A857C-4981-860D-F26D-6C10DE83020F} = {53E47842-3FC8-3998-A828-34EB942B241A}
		{154B857C-0182-860D-AA6E-6C109684020F} = {53E47842-3FC8-3998-A828-34EB942B241A}
		{16CFA17C-0206-A30D-ABF2-881097081F0F} = {53E47842-3FC8-3998-A828-34EB942B241A}
		{9ACDAF56-8630-3FFB-2FB6-77B11BF80A7E} = {B612E243-229E-4F08-2BAF-D2FC97B9AB08}
		{01F53774-EDC2-2B7A-D656-9CA0C2C307DF} = {B612E243-229E-4F08-2BAF-D2FC97B9AB08}
		{4DE5FF47-39B3-F34D-2247-64740EB4CFB2} = {B612E243-229E-4F08-2BAF-D2FC97B9AB08}
	EndGlobalSection
EndGlobal
