<?xml version="1.0" encoding="utf-8"?>
<Project ToolsVersion="4.0" xmlns="http://schemas.microsoft.com/developer/msbuild/2003">
  <ItemGroup>
    <Filter Include="include">
      <UniqueIdentifier>{89AF369E-F58E-B539-FEA6-40106A051C9B}</UniqueIdentifier>
    </Filter>
    <Filter Include="src">
      <UniqueIdentifier>{2DAB880B-99B4-887C-2230-9F7C8E38947C}</UniqueIdentifier>
    </Filter>
    <Filter Include="src\core">
      <UniqueIdentifier>{C55F2ECF-B12C-89DA-DA45-7782C671BE68}</UniqueIdentifier>
    </Filter>
  </ItemGroup>
  <ItemGroup>
    <ClInclude Include="include\Catalyst.h">
      <Filter>include</Filter>
    </ClInclude>
    <ClInclude Include="src\core\application.h">
      <Filter>src\core</Filter>
    </ClInclude>
    <ClInclude Include="src\core\entry.h">
      <Filter>src\core</Filter>
    </ClInclude>
    <ClInclude Include="src\core\internal.h">
      <Filter>src\core</Filter>
    </ClInclude>
    <ClInclude Include="src\core\type_traits.h">
      <Filter>src\core</Filter>
    </ClInclude>
    <ClInclude Include="src\phc.h">
      <Filter>src</Filter>
    </ClInclude>
    <ClInclude Include="src\core\logging.h" />
    <ClInclude Include="src\external\spdlog\include\spdlog\cfg\argv.h" />
    <ClInclude Include="src\external\spdlog\include\spdlog\cfg\env.h" />
    <ClInclude Include="src\external\spdlog\include\spdlog\cfg\helpers.h" />
    <ClInclude Include="src\external\spdlog\include\spdlog\cfg\helpers-inl.h" />
    <ClInclude Include="src\external\spdlog\include\spdlog\details\backtracer.h" />
    <ClInclude Include="src\external\spdlog\include\spdlog\details\backtracer-inl.h" />
    <ClInclude Include="src\external\spdlog\include\spdlog\details\circular_q.h" />
    <ClInclude Include="src\external\spdlog\include\spdlog\details\console_globals.h" />
    <ClInclude Include="src\external\spdlog\include\spdlog\details\file_helper.h" />
    <ClInclude Include="src\external\spdlog\include\spdlog\details\file_helper-inl.h" />
    <ClInclude Include="src\external\spdlog\include\spdlog\details\fmt_helper.h" />
    <ClInclude Include="src\external\spdlog\include\spdlog\details\log_msg.h" />
    <ClInclude Include="src\external\spdlog\include\spdlog\details\log_msg_buffer.h" />
    <ClInclude Include="src\external\spdlog\include\spdlog\details\log_msg_buffer-inl.h" />
    <ClInclude Include="src\external\spdlog\include\spdlog\details\log_msg-inl.h" />
    <ClInclude Include="src\external\spdlog\include\spdlog\details\mpmc_blocking_q.h" />
    <ClInclude Include="src\external\spdlog\include\spdlog\details\null_mutex.h" />
    <ClInclude Include="src\external\spdlog\include\spdlog\details\os.h" />
    <ClInclude Include="src\external\spdlog\include\spdlog\details\os-inl.h" />
    <ClInclude Include="src\external\spdlog\include\spdlog\details\periodic_worker.h" />
    <ClInclude Include="src\external\spdlog\include\spdlog\details\periodic_worker-inl.h" />
    <ClInclude Include="src\external\spdlog\include\spdlog\details\registry.h" />
    <ClInclude Include="src\external\spdlog\include\spdlog\details\registry-inl.h" />
    <ClInclude Include="src\external\spdlog\include\spdlog\details\synchronous_factory.h" />
    <ClInclude Include="src\external\spdlog\include\spdlog\details\tcp_client.h" />
    <ClInclude Include="src\external\spdlog\include\spdlog\details\tcp_client-windows.h" />
    <ClInclude Include="src\external\spdlog\include\spdlog\details\thread_pool.h" />
    <ClInclude Include="src\external\spdlog\include\spdlog\details\thread_pool-inl.h" />
    <ClInclude Include="src\external\spdlog\include\spdlog\details\udp_client.h" />
    <ClInclude Include="src\external\spdlog\include\spdlog\details\udp_client-windows.h" />
    <ClInclude Include="src\external\spdlog\include\spdlog\details\windows_include.h" />
    <ClInclude Include="src\external\spdlog\include\spdlog\fmt\bundled\args.h" />
    <ClInclude Include="src\external\spdlog\include\spdlog\fmt\bundled\chrono.h" />
    <ClInclude Include="src\external\spdlog\include\spdlog\fmt\bundled\color.h" />
    <ClInclude Include="src\external\spdlog\include\spdlog\fmt\bundled\compile.h" />
    <ClInclude Include="src\external\spdlog\include\spdlog\fmt\bundled\core.h" />
    <ClInclude Include="src\external\spdlog\include\spdlog\fmt\bundled\format.h" />
    <ClInclude Include="src\external\spdlog\include\spdlog\fmt\bundled\format-inl.h" />
    <ClInclude Include="src\external\spdlog\include\spdlog\fmt\bundled\locale.h" />
    <ClInclude Include="src\external\spdlog\include\spdlog\fmt\bundled\os.h" />
    <ClInclude Include="src\external\spdlog\include\spdlog\fmt\bundled\ostream.h" />
    <ClInclude Include="src\external\spdlog\include\spdlog\fmt\bundled\printf.h" />
    <ClInclude Include="src\external\spdlog\include\spdlog\fmt\bundled\ranges.h" />
    <ClInclude Include="src\external\spdlog\include\spdlog\fmt\bundled\xchar.h" />
    <ClInclude Include="src\external\spdlog\include\spdlog\fmt\bin_to_hex.h" />
    <ClInclude Include="src\external\spdlog\include\spdlog\fmt\chrono.h" />
    <ClInclude Include="src\external\spdlog\include\spdlog\fmt\compile.h" />
    <ClInclude Include="src\external\spdlog\include\spdlog\fmt\fmt.h" />
    <ClInclude Include="src\external\spdlog\include\spdlog\fmt\ostr.h" />
    <ClInclude Include="src\external\spdlog\include\spdlog\fmt\ranges.h" />
    <ClInclude Include="src\external\spdlog\include\spdlog\fmt\xchar.h" />
    <ClInclude Include="src\external\spdlog\include\spdlog\sinks\android_sink.h" />
    <ClInclude Include="src\external\spdlog\include\spdlog\sinks\ansicolor_sink.h" />
    <ClInclude Include="src\external\spdlog\include\spdlog\sinks\ansicolor_sink-inl.h" />
    <ClInclude Include="src\external\spdlog\include\spdlog\sinks\base_sink.h" />
    <ClInclude Include="src\external\spdlog\include\spdlog\sinks\base_sink-inl.h" />
    <ClInclude Include="src\external\spdlog\include\spdlog\sinks\basic_file_sink.h" />
    <ClInclude Include="src\external\spdlog\include\spdlog\sinks\basic_file_sink-inl.h" />
    <ClInclude Include="src\external\spdlog\include\spdlog\sinks\daily_file_sink.h" />
    <ClInclude Include="src\external\spdlog\include\spdlog\sinks\dist_sink.h" />
    <ClInclude Include="src\external\spdlog\include\spdlog\sinks\dup_filter_sink.h" />
    <ClInclude Include="src\external\spdlog\include\spdlog\sinks\hourly_file_sink.h" />
    <ClInclude Include="src\external\spdlog\include\spdlog\sinks\mongo_sink.h" />
    <ClInclude Include="src\external\spdlog\include\spdlog\sinks\msvc_sink.h" />
    <ClInclude Include="src\external\spdlog\include\spdlog\sinks\null_sink.h" />
    <ClInclude Include="src\external\spdlog\include\spdlog\sinks\ostream_sink.h" />
    <ClInclude Include="src\external\spdlog\include\spdlog\sinks\qt_sinks.h" />
    <ClInclude Include="src\external\spdlog\include\spdlog\sinks\ringbuffer_sink.h" />
    <ClInclude Include="src\external\spdlog\include\spdlog\sinks\rotating_file_sink.h" />
    <ClInclude Include="src\external\spdlog\include\spdlog\sinks\rotating_file_sink-inl.h" />
    <ClInclude Include="src\external\spdlog\include\spdlog\sinks\sink.h" />
    <ClInclude Include="src\external\spdlog\include\spdlog\sinks\sink-inl.h" />
    <ClInclude Include="src\external\spdlog\include\spdlog\sinks\stdout_color_sinks.h" />
    <ClInclude Include="src\external\spdlog\include\spdlog\sinks\stdout_color_sinks-inl.h" />
    <ClInclude Include="src\external\spdlog\include\spdlog\sinks\stdout_sinks.h" />
    <ClInclude Include="src\external\spdlog\include\spdlog\sinks\stdout_sinks-inl.h" />
    <ClInclude Include="src\external\spdlog\include\spdlog\sinks\syslog_sink.h" />
    <ClInclude Include="src\external\spdlog\include\spdlog\sinks\systemd_sink.h" />
    <ClInclude Include="src\external\spdlog\include\spdlog\sinks\tcp_sink.h" />
    <ClInclude Include="src\external\spdlog\include\spdlog\sinks\udp_sink.h" />
    <ClInclude Include="src\external\spdlog\include\spdlog\sinks\win_eventlog_sink.h" />
    <ClInclude Include="src\external\spdlog\include\spdlog\sinks\wincolor_sink.h" />
    <ClInclude Include="src\external\spdlog\include\spdlog\sinks\wincolor_sink-inl.h" />
    <ClInclude Include="src\external\spdlog\include\spdlog\async.h" />
    <ClInclude Include="src\external\spdlog\include\spdlog\async_logger.h" />
    <ClInclude Include="src\external\spdlog\include\spdlog\async_logger-inl.h" />
    <ClInclude Include="src\external\spdlog\include\spdlog\common.h" />
    <ClInclude Include="src\external\spdlog\include\spdlog\common-inl.h" />
    <ClInclude Include="src\external\spdlog\include\spdlog\formatter.h" />
    <ClInclude Include="src\external\spdlog\include\spdlog\fwd.h" />
    <ClInclude Include="src\external\spdlog\include\spdlog\logger.h" />
    <ClInclude Include="src\external\spdlog\include\spdlog\logger-inl.h" />
    <ClInclude Include="src\external\spdlog\include\spdlog\pattern_formatter.h" />
    <ClInclude Include="src\external\spdlog\include\spdlog\pattern_formatter-inl.h" />
    <ClInclude Include="src\external\spdlog\include\spdlog\spdlog.h" />
    <ClInclude Include="src\external\spdlog\include\spdlog\spdlog-inl.h" />
    <ClInclude Include="src\external\spdlog\include\spdlog\stopwatch.h" />
    <ClInclude Include="src\external\spdlog\include\spdlog\tweakme.h" />
    <ClInclude Include="src\external\spdlog\include\spdlog\version.h" />
  </ItemGroup>
  <ItemGroup>
    <ClCompile Include="src\core\application.cpp">
      <Filter>src\core</Filter>
    </ClCompile>
    <ClCompile Include="src\core\internal.cpp">
      <Filter>src\core</Filter>
    </ClCompile>
    <ClCompile Include="src\pch.cpp">
      <Filter>src</Filter>
    </ClCompile>
    <ClCompile Include="src\external\spdlog\src\async.cpp" />
    <ClCompile Include="src\external\spdlog\src\cfg.cpp" />
    <ClCompile Include="src\external\spdlog\src\color_sinks.cpp" />
    <ClCompile Include="src\external\spdlog\src\file_sinks.cpp" />
    <ClCompile Include="src\external\spdlog\src\fmt.cpp" />
    <ClCompile Include="src\external\spdlog\src\spdlog.cpp" />
    <ClCompile Include="src\external\spdlog\src\stdout_sinks.cpp" />
  </ItemGroup>
</Project>